
Microsoft Visual Studio Solution File, Format Version 12.00
# Visual Studio 15
VisualStudioVersion = 15.0.26730.16
MinimumVisualStudioVersion = 10.0.40219.1
Project("{FAE04EC0-301F-11D3-BF4B-00C04F79EFBC}") = "ntc", "ntc\ntc.csproj", "{EF9301CE-1F6F-4168-BB8B-E9C252A255A9}"
EndProject
Global
	GlobalSection(SolutionConfigurationPlatforms) = preSolution
		Debug|Any CPU = Debug|Any CPU
		Release|Any CPU = Release|Any CPU
	EndGlobalSection
	GlobalSection(ProjectConfigurationPlatforms) = postSolution
		{EF9301CE-1F6F-4168-BB8B-E9C252A255A9}.Debug|Any CPU.ActiveCfg = Debug|Any CPU
		{EF9301CE-1F6F-4168-BB8B-E9C252A255A9}.Debug|Any CPU.Build.0 = Debug|Any CPU
		{EF9301CE-1F6F-4168-BB8B-E9C252A255A9}.Release|Any CPU.ActiveCfg = Release|Any CPU
		{EF9301CE-1F6F-4168-BB8B-E9C252A255A9}.Release|Any CPU.Build.0 = Release|Any CPU
	EndGlobalSection
	GlobalSection(SolutionProperties) = preSolution
		HideSolutionNode = FALSE
	EndGlobalSection
	GlobalSection(ExtensibilityGlobals) = postSolution
		SolutionGuid = {70DDAE8C-4186-482B-B374-D5D7AEB46C3F}
	EndGlobalSection
EndGlobal
